# THIS IS AN AUTOGENERATED FILE. DO NOT EDIT THIS FILE DIRECTLY.
# yarn lockfile v1


wam-community@^0.4.6:
  version "0.4.6"
  resolved "https://registry.yarnpkg.com/wam-community/-/wam-community-0.4.6.tgz#305fb0315c1ef4992ee465ef39e019ce9f487b0a"
  integrity sha512-IVSG4+Uje4SrXXqazyFGxGWrAZ7SFbB3xk09pXRrxVb1hItKxaNFiBvIjrG45hFuztjaLsCQcn3Dz2KDI4zFhg==
