# THIS IS AN AUTOGENERATED FILE. DO NOT EDIT THIS FILE DIRECTLY.
# yarn lockfile v1


wam-community@^0.4.7:
  version "0.4.7"
  resolved "https://registry.yarnpkg.com/wam-community/-/wam-community-0.4.7.tgz#ead86f47b311a5e9d2bd05feb16df85c1d849aff"
  integrity sha512-j1aA7Yj+yffU9t8AqyjJedtAcZU4eEi9Acc2My/hBiGGIZ8BIWFjy05jJKO9ZTLIHenbr3KyXvJHXuG5VXbeqw==
